// !$*UTF8*$!
{
	archiveVersion = 1;
	classes = {
	};
	objectVersion = 77;
	objects = {

/* Begin PBXBuildFile section */
		64A9CB8C2FC997CD00A81B83 /* FirebaseAnalytics in Frameworks */ = {isa = PBXBuildFile; productRef = 64A9CB8B2FC997CD00A81B83 /* FirebaseAnalytics */; };
		64A9CB8E2FC997CD00A81B83 /* FirebaseAppCheck in Frameworks */ = {isa = PBXBuildFile; productRef = 64A9CB8D2FC997CD00A81B83 /* FirebaseAppCheck */; };
		64A9CB902FC997CD00A81B83 /* FirebaseAuth in Frameworks */ = {isa = PBXBuildFile; productRef = 64A9CB8F2FC997CD00A81B83 /* FirebaseAuth */; };
		64A9CB922FC997CD00A81B83 /* FirebaseCore in Frameworks */ = {isa = PBXBuildFile; productRef = 64A9CB912FC997CD00A81B83 /* FirebaseCore */; };
		64A9CB942FC997CD00A81B83 /* FirebaseCrashlytics in Frameworks */ = {isa = PBXBuildFile; productRef = 64A9CB932FC997CD00A81B83 /* FirebaseCrashlytics */; };
		64A9CB962FC997CD00A81B83 /* FirebaseFirestore in Frameworks */ = {isa = PBXBuildFile; productRef = 64A9CB952FC997CD00A81B83 /* FirebaseFirestore */; };
		64A9CB982FC997CD00A81B83 /* FirebaseFunctions in Frameworks */ = {isa = PBXBuildFile; productRef = 64A9CB972FC997CD00A81B83 /* FirebaseFunctions */; };
		64A9CB9A2FC997CD00A81B83 /* FirebaseMessaging in Frameworks */ = {isa = PBXBuildFile; productRef = 64A9CB992FC997CD00A81B83 /* FirebaseMessaging */; };
		64A9CB9C2FC997CD00A81B83 /* FirebaseStorage in Frameworks */ = {isa = PBXBuildFile; productRef = 64A9CB9B2FC997CD00A81B83 /* FirebaseStorage */; };
/* End PBXBuildFile section */

/* Begin PBXFileReference section */
		64FDF1462FB4C01300C44B04 /* YukDebat.app */ = {isa = PBXFileReference; explicitFileType = wrapper.application; includeInIndex = 0; path = YukDebat.app; sourceTree = BUILT_PRODUCTS_DIR; };
/* End PBXFileReference section */

/* Begin PBXFileSystemSynchronizedRootGroup section */
		64FDF1482FB4C01300C44B04 /* YukDebat */ = {
			isa = PBXFileSystemSynchronizedRootGroup;
			path = YukDebat;
			sourceTree = "<group>";
		};
/* End PBXFileSystemSynchronizedRootGroup section */

/* Begin PBXFrameworksBuildPhase section */
		64FDF1432FB4C01300C44B04 /* Frameworks */ = {
			isa = PBXFrameworksBuildPhase;
			buildActionMask = 2147483647;
			files = (
				64A9CB9A2FC997CD00A81B83 /* FirebaseMessaging in Frameworks */,
				64A9CB8E2FC997CD00A81B83 /* FirebaseAppCheck in Frameworks */,
				64A9CB9C2FC997CD00A81B83 /* FirebaseStorage in Frameworks */,
				64A9CB982FC997CD00A81B83 /* FirebaseFunctions in Frameworks */,
				64A9CB902FC997CD00A81B83 /* FirebaseAuth in Frameworks */,
				64A9CB942FC997CD00A81B83 /* FirebaseCrashlytics in Frameworks */,
				64A9CB922FC997CD00A81B83 /* FirebaseCore in Frameworks */,
				64A9CB8C2FC997CD00A81B83 /* FirebaseAnalytics in Frameworks */,
				64A9CB962FC997CD00A81B83 /* FirebaseFirestore in Frameworks */,
			);
			runOnlyForDeploymentPostprocessing = 0;
		};
/* End PBXFrameworksBuildPhase section */

/* Begin PBXGroup section */
		64FDF13D2FB4C01300C44B04 = {
			isa = PBXGroup;
			children = (
				64FDF1482FB4C01300C44B04 /* YukDebat */,
				64FDF1472FB4C01300C44B04 /* Products */,
			);
			sourceTree = "<group>";
		};
		64FDF1472FB4C01300C44B04 /* Products */ = {
			isa = PBXGroup;
			children = (
				64FDF1462FB4C01300C44B04 /* YukDebat.app */,
			);
			name = Products;
			sourceTree = "<group>";
		};
/* End PBXGroup section */

/* Begin PBXNativeTarget section */
		64FDF1452FB4C01300C44B04 /* YukDebat */ = {
			isa = PBXNativeTarget;
			buildConfigurationList = 64FDF1512FB4C01400C44B04 /* Build configuration list for PBXNativeTarget "YukDebat" */;
			buildPhases = (
				64FDF1422FB4C01300C44B04 /* Sources */,
				64FDF1432FB4C01300C44B04 /* Frameworks */,
				64FDF1442FB4C01300C44B04 /* Resources */,
			);
			buildRules = (
			);
			dependencies = (
			);
			fileSystemSynchronizedGroups = (
				64FDF1482FB4C01300C44B04 /* YukDebat */,
			);
			name = YukDebat;
			packageProductDependencies = (
				64A9CB8B2FC997CD00A81B83 /* FirebaseAnalytics */,
				64A9CB8D2FC997CD00A81B83 /* FirebaseAppCheck */,
				64A9CB8F2FC997CD00A81B83 /* FirebaseAuth */,
				64A9CB912FC997CD00A81B83 /* FirebaseCore */,
				64A9CB932FC997CD00A81B83 /* FirebaseCrashlytics */,
				64A9CB952FC997CD00A81B83 /* FirebaseFirestore */,
				64A9CB972FC997CD00A81B83 /* FirebaseFunctions */,
				64A9CB992FC997CD00A81B83 /* FirebaseMessaging */,
				64A9CB9B2FC997CD00A81B83 /* FirebaseStorage */,
			);
			productName = YukDebat;
			productReference = 64FDF1462FB4C01300C44B04 /* YukDebat.app */;
			productType = "com.apple.product-type.application";
		};
/* End PBXNativeTarget section */

/* Begin PBXProject section */
		64FDF13E2FB4C01300C44B04 /* Project object */ = {
			isa = PBXProject;
			attributes = {
				BuildIndependentTargetsInParallel = 1;
				LastSwiftUpdateCheck = 2640;
				LastUpgradeCheck = 2640;
				TargetAttributes = {
					64FDF1452FB4C01300C44B04 = {
						CreatedOnToolsVersion = 26.4.1;
					};
				};
			};
			buildConfigurationList = 64FDF1412FB4C01300C44B04 /* Build configuration list for PBXProject "YukDebat" */;
			developmentRegion = en;
			hasScannedForEncodings = 0;
			knownRegions = (
				en,
				Base,
			);
			mainGroup = 64FDF13D2FB4C01300C44B04;
			minimizedProjectReferenceProxies = 1;
			packageReferences = (
				64A9CB8A2FC997CD00A81B83 /* XCRemoteSwiftPackageReference "firebase-ios-sdk" */,
			);
			preferredProjectObjectVersion = 77;
			productRefGroup = 64FDF1472FB4C01300C44B04 /* Products */;
			projectDirPath = "";
			projectRoot = "";
			targets = (
				64FDF1452FB4C01300C44B04 /* YukDebat */,
			);
		};
/* End PBXProject section */

/* Begin PBXResourcesBuildPhase section */
		64FDF1442FB4C01300C44B04 /* Resources */ = {
			isa = PBXResourcesBuildPhase;
			buildActionMask = 2147483647;
			files = (
			);
			runOnlyForDeploymentPostprocessing = 0;
		};
/* End PBXResourcesBuildPhase section */

/* Begin PBXSourcesBuildPhase section */
		64FDF1422FB4C01300C44B04 /* Sources */ = {
			isa = PBXSourcesBuildPhase;
			buildActionMask = 2147483647;
			files = (
			);
			runOnlyForDeploymentPostprocessing = 0;
		};
/* End PBXSourcesBuildPhase section */

/* Begin XCBuildConfiguration section */
		64FDF14F2FB4C01400C44B04 /* Debug */ = {
			isa = XCBuildConfiguration;
			buildSettings = {
				ALWAYS_SEARCH_USER_PATHS = NO;
				ASSETCATALOG_COMPILER_GENERATE_SWIFT_ASSET_SYMBOL_EXTENSIONS = YES;
				CLANG_ANALYZER_NONNULL = YES;
				CLANG_ANALYZER_NUMBER_OBJECT_CONVERSION = YES_AGGRESSIVE;
				CLANG_CXX_LANGUAGE_STANDARD = "gnu++20";
				CLANG_ENABLE_MODULES = YES;
				CLANG_ENABLE_OBJC_ARC = YES;
				CLANG_ENABLE_OBJC_WEAK = YES;
				CLANG_WARN_BLOCK_CAPTURE_AUTORELEASING = YES;
				CLANG_WARN_BOOL_CONVERSION = YES;
				CLANG_WARN_COMMA = YES;
				CLANG_WARN_CONSTANT_CONVERSION = YES;
				CLANG_WARN_DEPRECATED_OBJC_IMPLEMENTATIONS = YES;
				CLANG_WARN_DIRECT_OBJC_ISA_USAGE = YES_ERROR;
				CLANG_WARN_DOCUMENTATION_COMMENTS = YES;
				CLANG_WARN_EMPTY_BODY = YES;
				CLANG_WARN_ENUM_CONVERSION = YES;
				CLANG_WARN_INFINITE_RECURSION = YES;
				CLANG_WARN_INT_CONVERSION = YES;
				CLANG_WARN_NON_LITERAL_NULL_CONVERSION = YES;
				CLANG_WARN_OBJC_IMPLICIT_RETAIN_SELF = YES;
				CLANG_WARN_OBJC_LITERAL_CONVERSION = YES;
				CLANG_WARN_OBJC_ROOT_CLASS = YES_ERROR;
				CLANG_WARN_QUOTED_INCLUDE_IN_FRAMEWORK_HEADER = YES;
				CLANG_WARN_RANGE_LOOP_ANALYSIS = YES;
				CLANG_WARN_STRICT_PROTOTYPES = YES;
				CLANG_WARN_SUSPICIOUS_MOVE = YES;
				CLANG_WARN_UNGUARDED_AVAILABILITY = YES_AGGRESSIVE;
				CLANG_WARN_UNREACHABLE_CODE = YES;
				CLANG_WARN__DUPLICATE_METHOD_MATCH = YES;
				COPY_PHASE_STRIP = NO;
				DEBUG_INFORMATION_FORMAT = dwarf;
				ENABLE_STRICT_OBJC_MSGSEND = YES;
				ENABLE_TESTABILITY = YES;
				ENABLE_USER_SCRIPT_SANDBOXING = YES;
				GCC_C_LANGUAGE_STANDARD = gnu17;
				GCC_DYNAMIC_NO_PIC = NO;
				GCC_NO_COMMON_BLOCKS = YES;
				GCC_OPTIMIZATION_LEVEL = 0;
				GCC_PREPROCESSOR_DEFINITIONS = (
					"DEBUG=1",
					"$(inherited)",
				);
				GCC_WARN_64_TO_32_BIT_CONVERSION = YES;
				GCC_WARN_ABOUT_RETURN_TYPE = YES_ERROR;
				GCC_WARN_UNDECLARED_SELECTOR = YES;
				GCC_WARN_UNINITIALIZED_AUTOS = YES_AGGRESSIVE;
				GCC_WARN_UNUSED_FUNCTION = YES;
				GCC_WARN_UNUSED_VARIABLE = YES;
				IPHONEOS_DEPLOYMENT_TARGET = 26.4;
				LOCALIZATION_PREFERS_STRING_CATALOGS = YES;
				MTL_ENABLE_DEBUG_INFO = INCLUDE_SOURCE;
				MTL_FAST_MATH = YES;
				ONLY_ACTIVE_ARCH = YES;
				SDKROOT = iphoneos;
				SWIFT_ACTIVE_COMPILATION_CONDITIONS = "DEBUG $(inherited)";
				SWIFT_OPTIMIZATION_LEVEL = "-Onone";
			};
			name = Debug;
		};
		64FDF1502FB4C01400C44B04 /* Release */ = {
			isa = XCBuildConfiguration;
			buildSettings = {
				ALWAYS_SEARCH_USER_PATHS = NO;
				ASSETCATALOG_COMPILER_GENERATE_SWIFT_ASSET_SYMBOL_EXTENSIONS = YES;
				CLANG_ANALYZER_NONNULL = YES;
				CLANG_ANALYZER_NUMBER_OBJECT_CONVERSION = YES_AGGRESSIVE;
				CLANG_CXX_LANGUAGE_STANDARD = "gnu++20";
				CLANG_ENABLE_MODULES = YES;
				CLANG_ENABLE_OBJC_ARC = YES;
				CLANG_ENABLE_OBJC_WEAK = YES;
				CLANG_WARN_BLOCK_CAPTURE_AUTORELEASING = YES;
				CLANG_WARN_BOOL_CONVERSION = YES;
				CLANG_WARN_COMMA = YES;
				CLANG_WARN_CONSTANT_CONVERSION = YES;
				CLANG_WARN_DEPRECATED_OBJC_IMPLEMENTATIONS = YES;
				CLANG_WARN_DIRECT_OBJC_ISA_USAGE = YES_ERROR;
				CLANG_WARN_DOCUMENTATION_COMMENTS = YES;
				CLANG_WARN_EMPTY_BODY = YES;
				CLANG_WARN_ENUM_CONVERSION = YES;
				CLANG_WARN_INFINITE_RECURSION = YES;
				CLANG_WARN_INT_CONVERSION = YES;
				CLANG_WARN_NON_LITERAL_NULL_CONVERSION = YES;
				CLANG_WARN_OBJC_IMPLICIT_RETAIN_SELF = YES;
				CLANG_WARN_OBJC_LITERAL_CONVERSION = YES;
				CLANG_WARN_OBJC_ROOT_CLASS = YES_ERROR;
				CLANG_WARN_QUOTED_INCLUDE_IN_FRAMEWORK_HEADER = YES;
				CLANG_WARN_RANGE_LOOP_ANALYSIS = YES;
				CLANG_WARN_STRICT_PROTOTYPES = YES;
				CLANG_WARN_SUSPICIOUS_MOVE = YES;
				CLANG_WARN_UNGUARDED_AVAILABILITY = YES_AGGRESSIVE;
				CLANG_WARN_UNREACHABLE_CODE = YES;
				CLANG_WARN__DUPLICATE_METHOD_MATCH = YES;
				COPY_PHASE_STRIP = NO;
				DEBUG_INFORMATION_FORMAT = "dwarf-with-dsym";
				ENABLE_NS_ASSERTIONS = NO;
				ENABLE_STRICT_OBJC_MSGSEND = YES;
				ENABLE_USER_SCRIPT_SANDBOXING = YES;
				GCC_C_LANGUAGE_STANDARD = gnu17;
				GCC_NO_COMMON_BLOCKS = YES;
				GCC_WARN_64_TO_32_BIT_CONVERSION = YES;
				GCC_WARN_ABOUT_RETURN_TYPE = YES_ERROR;
				GCC_WARN_UNDECLARED_SELECTOR = YES;
				GCC_WARN_UNINITIALIZED_AUTOS = YES_AGGRESSIVE;
				GCC_WARN_UNUSED_FUNCTION = YES;
				GCC_WARN_UNUSED_VARIABLE = YES;
				IPHONEOS_DEPLOYMENT_TARGET = 26.4;
				LOCALIZATION_PREFERS_STRING_CATALOGS = YES;
				MTL_ENABLE_DEBUG_INFO = NO;
				MTL_FAST_MATH = YES;
				SDKROOT = iphoneos;
				SWIFT_COMPILATION_MODE = wholemodule;
				VALIDATE_PRODUCT = YES;
			};
			name = Release;
		};
		64FDF1522FB4C01400C44B04 /* Debug */ = {
			isa = XCBuildConfiguration;
			buildSettings = {
				ASSETCATALOG_COMPILER_APPICON_NAME = AppIcon;
				ASSETCATALOG_COMPILER_GLOBAL_ACCENT_COLOR_NAME = AccentColor;
				CODE_SIGN_STYLE = Automatic;
				CURRENT_PROJECT_VERSION = 1;
				ENABLE_PREVIEWS = YES;
				GENERATE_INFOPLIST_FILE = YES;
				INFOPLIST_KEY_UIApplicationSceneManifest_Generation = YES;
				INFOPLIST_KEY_UIApplicationSupportsIndirectInputEvents = YES;
				INFOPLIST_KEY_UILaunchScreen_Generation = YES;
				INFOPLIST_KEY_UISupportedInterfaceOrientations_iPad = "UIInterfaceOrientationPortrait UIInterfaceOrientationPortraitUpsideDown UIInterfaceOrientationLandscapeLeft UIInterfaceOrientationLandscapeRight";
				INFOPLIST_KEY_UISupportedInterfaceOrientations_iPhone = "UIInterfaceOrientationPortrait UIInterfaceOrientationLandscapeLeft UIInterfaceOrientationLandscapeRight";
				IPHONEOS_DEPLOYMENT_TARGET = 26.5;
				LD_RUNPATH_SEARCH_PATHS = (
					"$(inherited)",
					"@executable_path/Frameworks",
				);
				MARKETING_VERSION = 1.0;
				PRODUCT_BUNDLE_IDENTIFIER = MAD.YukDebat;
				PRODUCT_NAME = "$(TARGET_NAME)";
				STRING_CATALOG_GENERATE_SYMBOLS = YES;
				SWIFT_APPROACHABLE_CONCURRENCY = YES;
				SWIFT_DEFAULT_ACTOR_ISOLATION = MainActor;
				SWIFT_EMIT_LOC_STRINGS = YES;
				SWIFT_UPCOMING_FEATURE_MEMBER_IMPORT_VISIBILITY = YES;
				SWIFT_VERSION = 5.0;
				TARGETED_DEVICE_FAMILY = "1,2";
			};
			name = Debug;
		};
		64FDF1532FB4C01400C44B04 /* Release */ = {
			isa = XCBuildConfiguration;
			buildSettings = {
				ASSETCATALOG_COMPILER_APPICON_NAME = AppIcon;
				ASSETCATALOG_COMPILER_GLOBAL_ACCENT_COLOR_NAME = AccentColor;
				CODE_SIGN_STYLE = Automatic;
				CURRENT_PROJECT_VERSION = 1;
				ENABLE_PREVIEWS = YES;
				GENERATE_INFOPLIST_FILE = YES;
				INFOPLIST_KEY_UIApplicationSceneManifest_Generation = YES;
				INFOPLIST_KEY_UIApplicationSupportsIndirectInputEvents = YES;
				INFOPLIST_KEY_UILaunchScreen_Generation = YES;
				INFOPLIST_KEY_UISupportedInterfaceOrientations_iPad = "UIInterfaceOrientationPortrait UIInterfaceOrientationPortraitUpsideDown UIInterfaceOrientationLandscapeLeft UIInterfaceOrientationLandscapeRight";
				INFOPLIST_KEY_UISupportedInterfaceOrientations_iPhone = "UIInterfaceOrientationPortrait UIInterfaceOrientationLandscapeLeft UIInterfaceOrientationLandscapeRight";
				IPHONEOS_DEPLOYMENT_TARGET = 26.5;
				LD_RUNPATH_SEARCH_PATHS = (
					"$(inherited)",
					"@executable_path/Frameworks",
				);
				MARKETING_VERSION = 1.0;
				PRODUCT_BUNDLE_IDENTIFIER = MAD.YukDebat;
				PRODUCT_NAME = "$(TARGET_NAME)";
				STRING_CATALOG_GENERATE_SYMBOLS = YES;
				SWIFT_APPROACHABLE_CONCURRENCY = YES;
				SWIFT_DEFAULT_ACTOR_ISOLATION = MainActor;
				SWIFT_EMIT_LOC_STRINGS = YES;
				SWIFT_UPCOMING_FEATURE_MEMBER_IMPORT_VISIBILITY = YES;
				SWIFT_VERSION = 5.0;
				TARGETED_DEVICE_FAMILY = "1,2";
			};
			name = Release;
		};
/* End XCBuildConfiguration section */

/* Begin XCConfigurationList section */
		64FDF1412FB4C01300C44B04 /* Build configuration list for PBXProject "YukDebat" */ = {
			isa = XCConfigurationList;
			buildConfigurations = (
				64FDF14F2FB4C01400C44B04 /* Debug */,
				64FDF1502FB4C01400C44B04 /* Release */,
			);
			defaultConfigurationIsVisible = 0;
			defaultConfigurationName = Release;
		};
		64FDF1512FB4C01400C44B04 /* Build configuration list for PBXNativeTarget "YukDebat" */ = {
			isa = XCConfigurationList;
			buildConfigurations = (
				64FDF1522FB4C01400C44B04 /* Debug */,
				64FDF1532FB4C01400C44B04 /* Release */,
			);
			defaultConfigurationIsVisible = 0;
			defaultConfigurationName = Release;
		};
/* End XCConfigurationList section */

/* Begin XCRemoteSwiftPackageReference section */
		64A9CB8A2FC997CD00A81B83 /* XCRemoteSwiftPackageReference "firebase-ios-sdk" */ = {
			isa = XCRemoteSwiftPackageReference;
			repositoryURL = "https://github.com/firebase/firebase-ios-sdk";
			requirement = {
				kind = upToNextMajorVersion;
				minimumVersion = 12.14.0;
			};
		};
/* End XCRemoteSwiftPackageReference section */

/* Begin XCSwiftPackageProductDependency section */
		64A9CB8B2FC997CD00A81B83 /* FirebaseAnalytics */ = {
			isa = XCSwiftPackageProductDependency;
			package = 64A9CB8A2FC997CD00A81B83 /* XCRemoteSwiftPackageReference "firebase-ios-sdk" */;
			productName = FirebaseAnalytics;
		};
		64A9CB8D2FC997CD00A81B83 /* FirebaseAppCheck */ = {
			isa = XCSwiftPackageProductDependency;
			package = 64A9CB8A2FC997CD00A81B83 /* XCRemoteSwiftPackageReference "firebase-ios-sdk" */;
			productName = FirebaseAppCheck;
		};
		64A9CB8F2FC997CD00A81B83 /* FirebaseAuth */ = {
			isa = XCSwiftPackageProductDependency;
			package = 64A9CB8A2FC997CD00A81B83 /* XCRemoteSwiftPackageReference "firebase-ios-sdk" */;
			productName = FirebaseAuth;
		};
		64A9CB912FC997CD00A81B83 /* FirebaseCore */ = {
			isa = XCSwiftPackageProductDependency;
			package = 64A9CB8A2FC997CD00A81B83 /* XCRemoteSwiftPackageReference "firebase-ios-sdk" */;
			productName = FirebaseCore;
		};
		64A9CB932FC997CD00A81B83 /* FirebaseCrashlytics */ = {
			isa = XCSwiftPackageProductDependency;
			package = 64A9CB8A2FC997CD00A81B83 /* XCRemoteSwiftPackageReference "firebase-ios-sdk" */;
			productName = FirebaseCrashlytics;
		};
		64A9CB952FC997CD00A81B83 /* FirebaseFirestore */ = {
			isa = XCSwiftPackageProductDependency;
			package = 64A9CB8A2FC997CD00A81B83 /* XCRemoteSwiftPackageReference "firebase-ios-sdk" */;
			productName = FirebaseFirestore;
		};
		64A9CB972FC997CD00A81B83 /* FirebaseFunctions */ = {
			isa = XCSwiftPackageProductDependency;
			package = 64A9CB8A2FC997CD00A81B83 /* XCRemoteSwiftPackageReference "firebase-ios-sdk" */;
			productName = FirebaseFunctions;
		};
		64A9CB992FC997CD00A81B83 /* FirebaseMessaging */ = {
			isa = XCSwiftPackageProductDependency;
			package = 64A9CB8A2FC997CD00A81B83 /* XCRemoteSwiftPackageReference "firebase-ios-sdk" */;
			productName = FirebaseMessaging;
		};
		64A9CB9B2FC997CD00A81B83 /* FirebaseStorage */ = {
			isa = XCSwiftPackageProductDependency;
			package = 64A9CB8A2FC997CD00A81B83 /* XCRemoteSwiftPackageReference "firebase-ios-sdk" */;
			productName = FirebaseStorage;
		};
/* End XCSwiftPackageProductDependency section */
	};
	rootObject = 64FDF13E2FB4C01300C44B04 /* Project object */;
}
